
Microsoft Visual Studio Solution File, Format Version 12.00
# Visual Studio 15
VisualStudioVersion = 15.0.27428.2027
MinimumVisualStudioVersion = 10.0.40219.1
Project("{FAE04EC0-301F-11D3-BF4B-00C04F79EFBC}") = "Ds1Igt", "Ds1Igt\Ds1Igt.csproj", "{4ED7FCC1-F417-4A82-87AB-37FEE62EC1B2}"
EndProject
Global
	GlobalSection(SolutionConfigurationPlatforms) = preSolution
		Debug|Any CPU = Debug|Any CPU
		Release|Any CPU = Release|Any CPU
	EndGlobalSection
	GlobalSection(ProjectConfigurationPlatforms) = postSolution
		{4ED7FCC1-F417-4A82-87AB-37FEE62EC1B2}.Debug|Any CPU.ActiveCfg = Debug|Any CPU
		{4ED7FCC1-F417-4A82-87AB-37FEE62EC1B2}.Debug|Any CPU.Build.0 = Debug|Any CPU
		{4ED7FCC1-F417-4A82-87AB-37FEE62EC1B2}.Release|Any CPU.ActiveCfg = Release|Any CPU
		{4ED7FCC1-F417-4A82-87AB-37FEE62EC1B2}.Release|Any CPU.Build.0 = Release|Any CPU
	EndGlobalSection
	GlobalSection(SolutionProperties) = preSolution
		HideSolutionNode = FALSE
	EndGlobalSection
	GlobalSection(ExtensibilityGlobals) = postSolution
		SolutionGuid = {F818A6E8-6351-4D62-A3EC-CBB83CC9DC4A}
	EndGlobalSection
EndGlobal
